<?xml version="1.0" encoding="utf-8"?>
<Project ToolsVersion="4.0" xmlns="http://schemas.microsoft.com/developer/msbuild/2003">
  <ItemGroup>
    <ClCompile Include="..\..\jni\json\wyJSONArray.cpp" />
    <ClCompile Include="..\..\jni\json\wyJSONObject.cpp" />
    <ClCompile Include="..\..\jni\json\wyJSONParser.cpp" />
    <ClCompile Include="..\..\jni\json\wyJSONValue.cpp" />
  </ItemGroup>
  <ItemGroup>
    <ClInclude Include="..\..\jni\json\wyJSONParser.h" />
    <ClInclude Include="..\..\jni\json\wyJSONValue.h" />
    <ClInclude Include="..\..\jni\WiEngine\include\json\wyJSONArray.h" />
    <ClInclude Include="..\..\jni\WiEngine\include\json\wyJSONObject.h" />
    <ClInclude Include="..\..\jni\WiEngine\include\json\wyJSONConfig.h" />
  </ItemGroup>
</Project>