<?xml version="1.0" encoding="utf-8"?>
<Project ToolsVersion="4.0" xmlns="http://schemas.microsoft.com/developer/msbuild/2003">
  <ItemGroup>
    <ClCompile Include="global.c" />
    <ClCompile Include="hash.c" />
    <ClCompile Include="insert.c" />
    <ClCompile Include="journal.c" />
    <ClCompile Include="legacy.c" />
    <ClCompile Include="loadext.c" />
    <ClCompile Include="main.c" />
    <ClCompile Include="malloc.c" />
    <ClCompile Include="mem0.c" />
    <ClCompile Include="mem1.c" />
    <ClCompile Include="mem2.c" />
    <ClCompile Include="mem3.c" />
    <ClCompile Include="mem5.c" />
    <ClCompile Include="memjournal.c" />
    <ClCompile Include="mutex.c" />
    <ClCompile Include="mutex_noop.c" />
    <ClCompile Include="mutex_os2.c" />
    <ClCompile Include="mutex_unix.c" />
    <ClCompile Include="mutex_w32.c" />
    <ClCompile Include="notify.c" />
    <ClCompile Include="os.c" />
    <ClCompile Include="os_os2.c" />
    <ClCompile Include="os_unix.c" />
    <ClCompile Include="os_win.c" />
    <ClCompile Include="pager.c" />
    <ClCompile Include="parse.c" />
    <ClCompile Include="pcache.c" />
    <ClCompile Include="pcache1.c" />
    <ClCompile Include="pragma.c" />
    <ClCompile Include="prepare.c" />
    <ClCompile Include="printf.c" />
    <ClCompile Include="random.c" />
    <ClCompile Include="resolve.c" />
    <ClCompile Include="rowset.c" />
    <ClCompile Include="select.c" />
    <ClCompile Include="shell.c" />
    <ClCompile Include="status.c" />
    <ClCompile Include="table.c" />
    <ClCompile Include="tokenize.c" />
    <ClCompile Include="trigger.c" />
    <ClCompile Include="update.c" />
    <ClCompile Include="utf.c" />
    <ClCompile Include="util.c" />
    <ClCompile Include="vacuum.c" />
    <ClCompile Include="walker.c" />
    <ClCompile Include="where.c" />
    <ClCompile Include="alter.c" />
    <ClCompile Include="analyze.c" />
    <ClCompile Include="attach.c" />
    <ClCompile Include="auth.c" />
    <ClCompile Include="backup.c" />
    <ClCompile Include="bitvec.c" />
    <ClCompile Include="btmutex.c" />
    <ClCompile Include="btree.c" />
    <ClCompile Include="build.c" />
    <ClCompile Include="callback.c" />
    <ClCompile Include="complete.c" />
    <ClCompile Include="date.c" />
    <ClCompile Include="delete.c" />
    <ClCompile Include="expr.c" />
    <ClCompile Include="fault.c" />
    <ClCompile Include="fkey.c" />
    <ClCompile Include="func.c" />
    <ClCompile Include="vdbe.c" />
    <ClCompile Include="vdbeapi.c" />
    <ClCompile Include="vdbeaux.c" />
    <ClCompile Include="vdbeblob.c" />
    <ClCompile Include="vdbemem.c" />
    <ClCompile Include="vdbetrace.c" />
    <ClCompile Include="vtab.c" />
    <ClCompile Include="opcodes.c" />
  </ItemGroup>
  <ItemGroup>
    <ClInclude Include="hash.h" />
    <ClInclude Include="hwtime.h" />
    <ClInclude Include="keywordhash.h" />
    <ClInclude Include="mutex.h" />
    <ClInclude Include="os.h" />
    <ClInclude Include="os_common.h" />
    <ClInclude Include="pager.h" />
    <ClInclude Include="parse.h" />
    <ClInclude Include="pcache.h" />
    <ClInclude Include="sqlite3.h" />
    <ClInclude Include="sqlite3ext.h" />
    <ClInclude Include="sqliteInt.h" />
    <ClInclude Include="sqliteLimit.h" />
    <ClInclude Include="btree.h" />
    <ClInclude Include="btreeInt.h" />
    <ClInclude Include="config.h" />
    <ClInclude Include="vdbe.h" />
    <ClInclude Include="vdbeInt.h" />
    <ClInclude Include="opcodes.h" />
  </ItemGroup>
  <ItemGroup>
    <None Include="sqlite3.def" />
  </ItemGroup>
</Project>